
Microsoft Visual Studio Solution File, Format Version 12.00
# Visual Studio Version 17
VisualStudioVersion = 17.4.33213.308
MinimumVisualStudioVersion = 10.0.40219.1
Project("{FAE04EC0-301F-11D3-BF4B-00C04F79EFBC}") = "WinFormsApp8", "WinFormsApp8\WinFormsApp8.csproj", "{E68A0AF7-4765-4B3D-BB05-790FA37F1949}"
EndProject
Global
	GlobalSection(SolutionConfigurationPlatforms) = preSolution
		Debug|Any CPU = Debug|Any CPU
		Release|Any CPU = Release|Any CPU
	EndGlobalSection
	GlobalSection(ProjectConfigurationPlatforms) = postSolution
		{E68A0AF7-4765-4B3D-BB05-790FA37F1949}.Debug|Any CPU.ActiveCfg = Debug|Any CPU
		{E68A0AF7-4765-4B3D-BB05-790FA37F1949}.Debug|Any CPU.Build.0 = Debug|Any CPU
		{E68A0AF7-4765-4B3D-BB05-790FA37F1949}.Release|Any CPU.ActiveCfg = Release|Any CPU
		{E68A0AF7-4765-4B3D-BB05-790FA37F1949}.Release|Any CPU.Build.0 = Release|Any CPU
	EndGlobalSection
	GlobalSection(SolutionProperties) = preSolution
		HideSolutionNode = FALSE
	EndGlobalSection
	GlobalSection(ExtensibilityGlobals) = postSolution
		SolutionGuid = {52638962-91CB-47B3-A289-EC98EE56BAE7}
	EndGlobalSection
EndGlobal
